
Microsoft Visual Studio Solution File, Format Version 12.00
# Visual Studio Version 18
VisualStudioVersion = 18.6.11828.311 oobstable
MinimumVisualStudioVersion = 10.0.40219.1
Project("{FAE04EC0-301F-11D3-BF4B-00C04F79EFBC}") = "Reflection.Differentiation", "Reflection.Differentiation.csproj", "{5BBEFF6A-29B8-9050-78FA-EAF246989490}"
EndProject
Global
	GlobalSection(SolutionConfigurationPlatforms) = preSolution
		Debug|Any CPU = Debug|Any CPU
		Release|Any CPU = Release|Any CPU
	EndGlobalSection
	GlobalSection(ProjectConfigurationPlatforms) = postSolution
		{5BBEFF6A-29B8-9050-78FA-EAF246989490}.Debug|Any CPU.ActiveCfg = Debug|Any CPU
		{5BBEFF6A-29B8-9050-78FA-EAF246989490}.Debug|Any CPU.Build.0 = Debug|Any CPU
		{5BBEFF6A-29B8-9050-78FA-EAF246989490}.Release|Any CPU.ActiveCfg = Release|Any CPU
		{5BBEFF6A-29B8-9050-78FA-EAF246989490}.Release|Any CPU.Build.0 = Release|Any CPU
	EndGlobalSection
	GlobalSection(SolutionProperties) = preSolution
		HideSolutionNode = FALSE
	EndGlobalSection
	GlobalSection(ExtensibilityGlobals) = postSolution
		SolutionGuid = {CC469509-73CF-4FC5-9D79-1CF2961E740F}
	EndGlobalSection
EndGlobal
